
Microsoft Visual Studio Solution File, Format Version 12.00
# Visual Studio 14
VisualStudioVersion = 14.0.25420.1
MinimumVisualStudioVersion = 10.0.40219.1
Project("{888888A0-9F3D-457C-B088-3A5042F75D52}") = "military-tools-geoprocessing-toolbox", "military-tools-geoprocessing-toolbox.pyproj", "{A10201F6-5A06-4328-BB56-1698D8DA4E7E}"
EndProject
Global
	GlobalSection(SolutionConfigurationPlatforms) = preSolution
		Debug|Any CPU = Debug|Any CPU
		Release|Any CPU = Release|Any CPU
	EndGlobalSection
	GlobalSection(ProjectConfigurationPlatforms) = postSolution
		{A10201F6-5A06-4328-BB56-1698D8DA4E7E}.Debug|Any CPU.ActiveCfg = Debug|Any CPU
		{A10201F6-5A06-4328-BB56-1698D8DA4E7E}.Release|Any CPU.ActiveCfg = Release|Any CPU
	EndGlobalSection
	GlobalSection(SolutionProperties) = preSolution
		HideSolutionNode = FALSE
	EndGlobalSection
EndGlobal
